
Microsoft Visual Studio Solution File, Format Version 12.00
# Visual Studio Version 17
VisualStudioVersion = 17.5.001.0
MinimumVisualStudioVersion = 10.0.40219.1
Project("{9A19103F-16F7-4668-BE54-9A1E7A4F7556}") = "SignalRCrud", "SignalRCrud.csproj", "{54A675E1-877E-425C-869F-C48143C1A8F7}"
EndProject
Global
	GlobalSection(SolutionConfigurationPlatforms) = preSolution
		Debug|Any CPU = Debug|Any CPU
		Release|Any CPU = Release|Any CPU
	EndGlobalSection
	GlobalSection(ProjectConfigurationPlatforms) = postSolution
		{54A675E1-877E-425C-869F-C48143C1A8F7}.Debug|Any CPU.ActiveCfg = Debug|Any CPU
		{54A675E1-877E-425C-869F-C48143C1A8F7}.Debug|Any CPU.Build.0 = Debug|Any CPU
		{54A675E1-877E-425C-869F-C48143C1A8F7}.Release|Any CPU.ActiveCfg = Release|Any CPU
		{54A675E1-877E-425C-869F-C48143C1A8F7}.Release|Any CPU.Build.0 = Release|Any CPU
	EndGlobalSection
	GlobalSection(SolutionProperties) = preSolution
		HideSolutionNode = FALSE
	EndGlobalSection
	GlobalSection(ExtensibilityGlobals) = postSolution
		SolutionGuid = {931736CF-5916-4CF5-8D2E-EE472B269506}
	EndGlobalSection
EndGlobal
